
Microsoft Visual Studio Solution File, Format Version 12.00
# Visual Studio Version 17
VisualStudioVersion = 17.6.33829.357
MinimumVisualStudioVersion = 10.0.40219.1
Project("{FAE04EC0-301F-11D3-BF4B-00C04F79EFBC}") = "Struct-Classe", "Struct-Classe.csproj", "{A341AA19-1FBA-4413-8110-CCEC8E583F0D}"
EndProject
Global
	GlobalSection(SolutionConfigurationPlatforms) = preSolution
		Debug|Any CPU = Debug|Any CPU
		Release|Any CPU = Release|Any CPU
	EndGlobalSection
	GlobalSection(ProjectConfigurationPlatforms) = postSolution
		{A341AA19-1FBA-4413-8110-CCEC8E583F0D}.Debug|Any CPU.ActiveCfg = Debug|Any CPU
		{A341AA19-1FBA-4413-8110-CCEC8E583F0D}.Debug|Any CPU.Build.0 = Debug|Any CPU
		{A341AA19-1FBA-4413-8110-CCEC8E583F0D}.Release|Any CPU.ActiveCfg = Release|Any CPU
		{A341AA19-1FBA-4413-8110-CCEC8E583F0D}.Release|Any CPU.Build.0 = Release|Any CPU
	EndGlobalSection
	GlobalSection(SolutionProperties) = preSolution
		HideSolutionNode = FALSE
	EndGlobalSection
	GlobalSection(ExtensibilityGlobals) = postSolution
		SolutionGuid = {12F8F671-D44C-4F83-9DCC-ABEC1B50FFD4}
	EndGlobalSection
EndGlobal
