
Microsoft Visual Studio Solution File, Format Version 12.00
# Visual Studio Version 17
VisualStudioVersion = 17.6.33829.357
MinimumVisualStudioVersion = 10.0.40219.1
Project("{FAE04EC0-301F-11D3-BF4B-00C04F79EFBC}") = "ExemplosClasse-Metodo", "ExemplosClasse-Metodo.csproj", "{95BC6223-C8B7-4438-8215-B6D4C2E34C6D}"
EndProject
Global
	GlobalSection(SolutionConfigurationPlatforms) = preSolution
		Debug|Any CPU = Debug|Any CPU
		Release|Any CPU = Release|Any CPU
	EndGlobalSection
	GlobalSection(ProjectConfigurationPlatforms) = postSolution
		{95BC6223-C8B7-4438-8215-B6D4C2E34C6D}.Debug|Any CPU.ActiveCfg = Debug|Any CPU
		{95BC6223-C8B7-4438-8215-B6D4C2E34C6D}.Debug|Any CPU.Build.0 = Debug|Any CPU
		{95BC6223-C8B7-4438-8215-B6D4C2E34C6D}.Release|Any CPU.ActiveCfg = Release|Any CPU
		{95BC6223-C8B7-4438-8215-B6D4C2E34C6D}.Release|Any CPU.Build.0 = Release|Any CPU
	EndGlobalSection
	GlobalSection(SolutionProperties) = preSolution
		HideSolutionNode = FALSE
	EndGlobalSection
	GlobalSection(ExtensibilityGlobals) = postSolution
		SolutionGuid = {7E3A7037-5835-4F7B-9186-A42B15E8884C}
	EndGlobalSection
EndGlobal
