
Microsoft Visual Studio Solution File, Format Version 12.00
# Visual Studio Version 17
VisualStudioVersion = 17.6.33829.357
MinimumVisualStudioVersion = 10.0.40219.1
Project("{FAE04EC0-301F-11D3-BF4B-00C04F79EFBC}") = "Enums", "Enums.csproj", "{BF3491B7-B52D-42DE-BDAC-E231F6187AB7}"
EndProject
Global
	GlobalSection(SolutionConfigurationPlatforms) = preSolution
		Debug|Any CPU = Debug|Any CPU
		Release|Any CPU = Release|Any CPU
	EndGlobalSection
	GlobalSection(ProjectConfigurationPlatforms) = postSolution
		{BF3491B7-B52D-42DE-BDAC-E231F6187AB7}.Debug|Any CPU.ActiveCfg = Debug|Any CPU
		{BF3491B7-B52D-42DE-BDAC-E231F6187AB7}.Debug|Any CPU.Build.0 = Debug|Any CPU
		{BF3491B7-B52D-42DE-BDAC-E231F6187AB7}.Release|Any CPU.ActiveCfg = Release|Any CPU
		{BF3491B7-B52D-42DE-BDAC-E231F6187AB7}.Release|Any CPU.Build.0 = Release|Any CPU
	EndGlobalSection
	GlobalSection(SolutionProperties) = preSolution
		HideSolutionNode = FALSE
	EndGlobalSection
	GlobalSection(ExtensibilityGlobals) = postSolution
		SolutionGuid = {45BD6C22-2F55-4076-9B52-F2AF0D92BB1F}
	EndGlobalSection
EndGlobal
