
Microsoft Visual Studio Solution File, Format Version 12.00
# Visual Studio Version 17
VisualStudioVersion = 17.6.33829.357
MinimumVisualStudioVersion = 10.0.40219.1
Project("{FAE04EC0-301F-11D3-BF4B-00C04F79EFBC}") = "ParametrosVariaveis", "ParametrosVariaveis.csproj", "{79CBA9EE-B7E5-4819-9679-74673928FBE4}"
EndProject
Global
	GlobalSection(SolutionConfigurationPlatforms) = preSolution
		Debug|Any CPU = Debug|Any CPU
		Release|Any CPU = Release|Any CPU
	EndGlobalSection
	GlobalSection(ProjectConfigurationPlatforms) = postSolution
		{79CBA9EE-B7E5-4819-9679-74673928FBE4}.Debug|Any CPU.ActiveCfg = Debug|Any CPU
		{79CBA9EE-B7E5-4819-9679-74673928FBE4}.Debug|Any CPU.Build.0 = Debug|Any CPU
		{79CBA9EE-B7E5-4819-9679-74673928FBE4}.Release|Any CPU.ActiveCfg = Release|Any CPU
		{79CBA9EE-B7E5-4819-9679-74673928FBE4}.Release|Any CPU.Build.0 = Release|Any CPU
	EndGlobalSection
	GlobalSection(SolutionProperties) = preSolution
		HideSolutionNode = FALSE
	EndGlobalSection
	GlobalSection(ExtensibilityGlobals) = postSolution
		SolutionGuid = {E4D0D3D1-AE5C-429A-8803-6414E41975D4}
	EndGlobalSection
EndGlobal
