
Microsoft Visual Studio Solution File, Format Version 12.00
# Visual Studio Version 17
VisualStudioVersion = 17.6.33829.357
MinimumVisualStudioVersion = 10.0.40219.1
Project("{FAE04EC0-301F-11D3-BF4B-00C04F79EFBC}") = "ExemploClasse-Metodo2", "ExemploClasse-Metodo2.csproj", "{7BD860C3-3B04-496F-B8DB-15817FE1B324}"
EndProject
Global
	GlobalSection(SolutionConfigurationPlatforms) = preSolution
		Debug|Any CPU = Debug|Any CPU
		Release|Any CPU = Release|Any CPU
	EndGlobalSection
	GlobalSection(ProjectConfigurationPlatforms) = postSolution
		{7BD860C3-3B04-496F-B8DB-15817FE1B324}.Debug|Any CPU.ActiveCfg = Debug|Any CPU
		{7BD860C3-3B04-496F-B8DB-15817FE1B324}.Debug|Any CPU.Build.0 = Debug|Any CPU
		{7BD860C3-3B04-496F-B8DB-15817FE1B324}.Release|Any CPU.ActiveCfg = Release|Any CPU
		{7BD860C3-3B04-496F-B8DB-15817FE1B324}.Release|Any CPU.Build.0 = Release|Any CPU
	EndGlobalSection
	GlobalSection(SolutionProperties) = preSolution
		HideSolutionNode = FALSE
	EndGlobalSection
	GlobalSection(ExtensibilityGlobals) = postSolution
		SolutionGuid = {257DB3D8-D46D-4EE9-BE49-44E05AFD7211}
	EndGlobalSection
EndGlobal
